# This file is generated by running "yarn install" inside your project.
# Manual changes might be lost - proceed with caution!

__metadata:
  version: 6
  cacheKey: 8

"odopt@workspace:.":
  version: 0.0.0-use.local
  resolution: "odopt@workspace:."
  dependencies:
    turbo: 1.2.14
  languageName: unknown
  linkType: soft

"turbo-darwin-64@npm:1.2.14":
  version: 1.2.14
  resolution: "turbo-darwin-64@npm:1.2.14"
  conditions: os=darwin & cpu=x64
  languageName: node
  linkType: hard

"turbo-darwin-arm64@npm:1.2.14":
  version: 1.2.14
  resolution: "turbo-darwin-arm64@npm:1.2.14"
  conditions: os=darwin & cpu=arm64
  languageName: node
  linkType: hard

"turbo-freebsd-64@npm:1.2.14":
  version: 1.2.14
  resolution: "turbo-freebsd-64@npm:1.2.14"
  conditions: os=freebsd & cpu=x64
  languageName: node
  linkType: hard

"turbo-freebsd-arm64@npm:1.2.14":
  version: 1.2.14
  resolution: "turbo-freebsd-arm64@npm:1.2.14"
  conditions: os=freebsd & cpu=arm64
  languageName: node
  linkType: hard

"turbo-linux-32@npm:1.2.14":
  version: 1.2.14
  resolution: "turbo-linux-32@npm:1.2.14"
  conditions: os=linux & cpu=ia32
  languageName: node
  linkType: hard

"turbo-linux-64@npm:1.2.14":
  version: 1.2.14
  resolution: "turbo-linux-64@npm:1.2.14"
  conditions: os=linux & cpu=x64
  languageName: node
  linkType: hard

"turbo-linux-arm64@npm:1.2.14":
  version: 1.2.14
  resolution: "turbo-linux-arm64@npm:1.2.14"
  conditions: os=linux & cpu=arm64
  languageName: node
  linkType: hard

"turbo-linux-arm@npm:1.2.14":
  version: 1.2.14
  resolution: "turbo-linux-arm@npm:1.2.14"
  conditions: os=linux & cpu=arm
  languageName: node
  linkType: hard

"turbo-linux-mips64le@npm:1.2.14":
  version: 1.2.14
  resolution: "turbo-linux-mips64le@npm:1.2.14"
  conditions: os=linux & cpu=mips64el
  languageName: node
  linkType: hard

"turbo-linux-ppc64le@npm:1.2.14":
  version: 1.2.14
  resolution: "turbo-linux-ppc64le@npm:1.2.14"
  conditions: os=linux & cpu=ppc64
  languageName: node
  linkType: hard

"turbo-windows-32@npm:1.2.14":
  version: 1.2.14
  resolution: "turbo-windows-32@npm:1.2.14"
  conditions: os=win32 & cpu=ia32
  languageName: node
  linkType: hard

"turbo-windows-64@npm:1.2.14":
  version: 1.2.14
  resolution: "turbo-windows-64@npm:1.2.14"
  conditions: os=win32 & cpu=x64
  languageName: node
  linkType: hard

"turbo-windows-arm64@npm:1.2.14":
  version: 1.2.14
  resolution: "turbo-windows-arm64@npm:1.2.14"
  conditions: os=win32 & cpu=arm64
  languageName: node
  linkType: hard

"turbo@npm:1.2.14":
  version: 1.2.14
  resolution: "turbo@npm:1.2.14"
  dependencies:
    turbo-darwin-64: 1.2.14
    turbo-darwin-arm64: 1.2.14
    turbo-freebsd-64: 1.2.14
    turbo-freebsd-arm64: 1.2.14
    turbo-linux-32: 1.2.14
    turbo-linux-64: 1.2.14
    turbo-linux-arm: 1.2.14
    turbo-linux-arm64: 1.2.14
    turbo-linux-mips64le: 1.2.14
    turbo-linux-ppc64le: 1.2.14
    turbo-windows-32: 1.2.14
    turbo-windows-64: 1.2.14
    turbo-windows-arm64: 1.2.14
  dependenciesMeta:
    turbo-darwin-64:
      optional: true
    turbo-darwin-arm64:
      optional: true
    turbo-freebsd-64:
      optional: true
    turbo-freebsd-arm64:
      optional: true
    turbo-linux-32:
      optional: true
    turbo-linux-64:
      optional: true
    turbo-linux-arm:
      optional: true
    turbo-linux-arm64:
      optional: true
    turbo-linux-mips64le:
      optional: true
    turbo-linux-ppc64le:
      optional: true
    turbo-windows-32:
      optional: true
    turbo-windows-64:
      optional: true
    turbo-windows-arm64:
      optional: true
  bin:
    turbo: bin/turbo
  checksum: 1652628d22f3d24af80569a425a9ae0c4b3dcf3e0dfdc13704d4444c6a28631a63742064280f4f955e0b42dc7d8082f4ebcc090d89a43367716323a88b51382c
  languageName: node
  linkType: hard
